
Microsoft Visual Studio Solution File, Format Version 12.00
# Visual Studio Version 17
VisualStudioVersion = 17.0.31912.275
MinimumVisualStudioVersion = 10.0.40219.1
Project("{9A19103F-16F7-4668-BE54-9A1E7A4F7556}") = "Bridge.Commons.Rest", "Bridge.Commons.Rest\Bridge.Commons.Rest.csproj", "{A6131B5E-ED29-472D-9649-5A9524B9B80C}"
EndProject
Global
	GlobalSection(SolutionConfigurationPlatforms) = preSolution
		Debug|Any CPU = Debug|Any CPU
		Release|Any CPU = Release|Any CPU
	EndGlobalSection
	GlobalSection(ProjectConfigurationPlatforms) = postSolution
		{A6131B5E-ED29-472D-9649-5A9524B9B80C}.Debug|Any CPU.ActiveCfg = Debug|Any CPU
		{A6131B5E-ED29-472D-9649-5A9524B9B80C}.Debug|Any CPU.Build.0 = Debug|Any CPU
		{A6131B5E-ED29-472D-9649-5A9524B9B80C}.Release|Any CPU.ActiveCfg = Release|Any CPU
		{A6131B5E-ED29-472D-9649-5A9524B9B80C}.Release|Any CPU.Build.0 = Release|Any CPU
	EndGlobalSection
	GlobalSection(SolutionProperties) = preSolution
		HideSolutionNode = FALSE
	EndGlobalSection
	GlobalSection(ExtensibilityGlobals) = postSolution
		SolutionGuid = {84F8236C-8EBA-493E-85D2-826260446911}
	EndGlobalSection
EndGlobal
